// !$*UTF8*$!
{
	archiveVersion = 1;
	classes = {
	};
	objectVersion = 52;
	objects = {

/* Begin PBXBuildFile section */
		C73E142025421DB3006738CC /* ObservatoryKit.framework in Frameworks */ = {isa = PBXBuildFile; fileRef = C73E141625421DB3006738CC /* ObservatoryKit.framework */; };
		C73E142525421DB3006738CC /* ObservatoryKitTests.swift in Sources */ = {isa = PBXBuildFile; fileRef = C73E142425421DB3006738CC /* ObservatoryKitTests.swift */; };
		C73E142725421DB3006738CC /* ObservatoryKit.h in Headers */ = {isa = PBXBuildFile; fileRef = C73E141925421DB3006738CC /* ObservatoryKit.h */; settings = {ATTRIBUTES = (Public, ); }; };
		C73E14932542266D006738CC /* Observatory.swift in Sources */ = {isa = PBXBuildFile; fileRef = C73E14922542266D006738CC /* Observatory.swift */; };
		C7D702EE2546CE2A0090DB36 /* CelestialMechanics.framework in Frameworks */ = {isa = PBXBuildFile; fileRef = C7D702ED2546CE2A0090DB36 /* CelestialMechanics.framework */; };
		C7D702EF2546CE2A0090DB36 /* CelestialMechanics.framework in Embed Frameworks */ = {isa = PBXBuildFile; fileRef = C7D702ED2546CE2A0090DB36 /* CelestialMechanics.framework */; settings = {ATTRIBUTES = (CodeSignOnCopy, RemoveHeadersOnCopy, ); }; };
/* End PBXBuildFile section */

/* Begin PBXContainerItemProxy section */
		C73E142125421DB3006738CC /* PBXContainerItemProxy */ = {
			isa = PBXContainerItemProxy;
			containerPortal = C73E140D25421DB3006738CC /* Project object */;
			proxyType = 1;
			remoteGlobalIDString = C73E141525421DB3006738CC;
			remoteInfo = ObservatoryKit;
		};
/* End PBXContainerItemProxy section */

/* Begin PBXCopyFilesBuildPhase section */
		C73E143625421E50006738CC /* Embed Frameworks */ = {
			isa = PBXCopyFilesBuildPhase;
			buildActionMask = 2147483647;
			dstPath = "";
			dstSubfolderSpec = 10;
			files = (
				C7D702EF2546CE2A0090DB36 /* CelestialMechanics.framework in Embed Frameworks */,
			);
			name = "Embed Frameworks";
			runOnlyForDeploymentPostprocessing = 0;
		};
/* End PBXCopyFilesBuildPhase section */

/* Begin PBXFileReference section */
		C73E141625421DB3006738CC /* ObservatoryKit.framework */ = {isa = PBXFileReference; explicitFileType = wrapper.framework; includeInIndex = 0; path = ObservatoryKit.framework; sourceTree = BUILT_PRODUCTS_DIR; };
		C73E141925421DB3006738CC /* ObservatoryKit.h */ = {isa = PBXFileReference; lastKnownFileType = sourcecode.c.h; path = ObservatoryKit.h; sourceTree = "<group>"; };
		C73E141A25421DB3006738CC /* Info.plist */ = {isa = PBXFileReference; lastKnownFileType = text.plist.xml; path = Info.plist; sourceTree = "<group>"; };
		C73E141F25421DB3006738CC /* ObservatoryKitTests.xctest */ = {isa = PBXFileReference; explicitFileType = wrapper.cfbundle; includeInIndex = 0; path = ObservatoryKitTests.xctest; sourceTree = BUILT_PRODUCTS_DIR; };
		C73E142425421DB3006738CC /* ObservatoryKitTests.swift */ = {isa = PBXFileReference; lastKnownFileType = sourcecode.swift; path = ObservatoryKitTests.swift; sourceTree = "<group>"; };
		C73E142625421DB3006738CC /* Info.plist */ = {isa = PBXFileReference; lastKnownFileType = text.plist.xml; path = Info.plist; sourceTree = "<group>"; };
		C73E14922542266D006738CC /* Observatory.swift */ = {isa = PBXFileReference; fileEncoding = 4; lastKnownFileType = sourcecode.swift; path = Observatory.swift; sourceTree = "<group>"; };
		C7D702ED2546CE2A0090DB36 /* CelestialMechanics.framework */ = {isa = PBXFileReference; explicitFileType = wrapper.framework; path = CelestialMechanics.framework; sourceTree = BUILT_PRODUCTS_DIR; };
/* End PBXFileReference section */

/* Begin PBXFrameworksBuildPhase section */
		C73E141325421DB3006738CC /* Frameworks */ = {
			isa = PBXFrameworksBuildPhase;
			buildActionMask = 2147483647;
			files = (
				C7D702EE2546CE2A0090DB36 /* CelestialMechanics.framework in Frameworks */,
			);
			runOnlyForDeploymentPostprocessing = 0;
		};
		C73E141C25421DB3006738CC /* Frameworks */ = {
			isa = PBXFrameworksBuildPhase;
			buildActionMask = 2147483647;
			files = (
				C73E142025421DB3006738CC /* ObservatoryKit.framework in Frameworks */,
			);
			runOnlyForDeploymentPostprocessing = 0;
		};
/* End PBXFrameworksBuildPhase section */

/* Begin PBXGroup section */
		C73E140C25421DB3006738CC = {
			isa = PBXGroup;
			children = (
				C73E141825421DB3006738CC /* ObservatoryKit */,
				C73E142325421DB3006738CC /* ObservatoryKitTests */,
				C73E141725421DB3006738CC /* Products */,
				C7D702EC2546CE2A0090DB36 /* Frameworks */,
			);
			sourceTree = "<group>";
		};
		C73E141725421DB3006738CC /* Products */ = {
			isa = PBXGroup;
			children = (
				C73E141625421DB3006738CC /* ObservatoryKit.framework */,
				C73E141F25421DB3006738CC /* ObservatoryKitTests.xctest */,
			);
			name = Products;
			sourceTree = "<group>";
		};
		C73E141825421DB3006738CC /* ObservatoryKit */ = {
			isa = PBXGroup;
			children = (
				C73E149525422678006738CC /* Controllers */,
				C73E14912542266D006738CC /* Model */,
				C73E141925421DB3006738CC /* ObservatoryKit.h */,
				C73E141A25421DB3006738CC /* Info.plist */,
			);
			path = ObservatoryKit;
			sourceTree = "<group>";
		};
		C73E142325421DB3006738CC /* ObservatoryKitTests */ = {
			isa = PBXGroup;
			children = (
				C73E142425421DB3006738CC /* ObservatoryKitTests.swift */,
				C73E142625421DB3006738CC /* Info.plist */,
			);
			path = ObservatoryKitTests;
			sourceTree = "<group>";
		};
		C73E14912542266D006738CC /* Model */ = {
			isa = PBXGroup;
			children = (
				C73E14922542266D006738CC /* Observatory.swift */,
			);
			path = Model;
			sourceTree = "<group>";
		};
		C73E149525422678006738CC /* Controllers */ = {
			isa = PBXGroup;
			children = (
			);
			path = Controllers;
			sourceTree = "<group>";
		};
		C7D702EC2546CE2A0090DB36 /* Frameworks */ = {
			isa = PBXGroup;
			children = (
				C7D702ED2546CE2A0090DB36 /* CelestialMechanics.framework */,
			);
			name = Frameworks;
			sourceTree = "<group>";
		};
/* End PBXGroup section */

/* Begin PBXHeadersBuildPhase section */
		C73E141125421DB3006738CC /* Headers */ = {
			isa = PBXHeadersBuildPhase;
			buildActionMask = 2147483647;
			files = (
				C73E142725421DB3006738CC /* ObservatoryKit.h in Headers */,
			);
			runOnlyForDeploymentPostprocessing = 0;
		};
/* End PBXHeadersBuildPhase section */

/* Begin PBXNativeTarget section */
		C73E141525421DB3006738CC /* ObservatoryKit */ = {
			isa = PBXNativeTarget;
			buildConfigurationList = C73E142A25421DB3006738CC /* Build configuration list for PBXNativeTarget "ObservatoryKit" */;
			buildPhases = (
				C73E141125421DB3006738CC /* Headers */,
				C73E141225421DB3006738CC /* Sources */,
				C73E141325421DB3006738CC /* Frameworks */,
				C73E141425421DB3006738CC /* Resources */,
				C73E143625421E50006738CC /* Embed Frameworks */,
			);
			buildRules = (
			);
			dependencies = (
			);
			name = ObservatoryKit;
			packageProductDependencies = (
			);
			productName = ObservatoryKit;
			productReference = C73E141625421DB3006738CC /* ObservatoryKit.framework */;
			productType = "com.apple.product-type.framework";
		};
		C73E141E25421DB3006738CC /* ObservatoryKitTests */ = {
			isa = PBXNativeTarget;
			buildConfigurationList = C73E142D25421DB3006738CC /* Build configuration list for PBXNativeTarget "ObservatoryKitTests" */;
			buildPhases = (
				C73E141B25421DB3006738CC /* Sources */,
				C73E141C25421DB3006738CC /* Frameworks */,
				C73E141D25421DB3006738CC /* Resources */,
			);
			buildRules = (
			);
			dependencies = (
				C73E142225421DB3006738CC /* PBXTargetDependency */,
			);
			name = ObservatoryKitTests;
			productName = ObservatoryKitTests;
			productReference = C73E141F25421DB3006738CC /* ObservatoryKitTests.xctest */;
			productType = "com.apple.product-type.bundle.unit-test";
		};
/* End PBXNativeTarget section */

/* Begin PBXProject section */
		C73E140D25421DB3006738CC /* Project object */ = {
			isa = PBXProject;
			attributes = {
				LastSwiftUpdateCheck = 1200;
				LastUpgradeCheck = 1200;
				TargetAttributes = {
					C73E141525421DB3006738CC = {
						CreatedOnToolsVersion = 12.0.1;
					};
					C73E141E25421DB3006738CC = {
						CreatedOnToolsVersion = 12.0.1;
					};
				};
			};
			buildConfigurationList = C73E141025421DB3006738CC /* Build configuration list for PBXProject "ObservatoryKit" */;
			compatibilityVersion = "Xcode 9.3";
			developmentRegion = en;
			hasScannedForEncodings = 0;
			knownRegions = (
				en,
				Base,
			);
			mainGroup = C73E140C25421DB3006738CC;
			packageReferences = (
				C73E143225421E50006738CC /* XCRemoteSwiftPackageReference "SwiftAA" */,
			);
			productRefGroup = C73E141725421DB3006738CC /* Products */;
			projectDirPath = "";
			projectRoot = "";
			targets = (
				C73E141525421DB3006738CC /* ObservatoryKit */,
				C73E141E25421DB3006738CC /* ObservatoryKitTests */,
			);
		};
/* End PBXProject section */

/* Begin PBXResourcesBuildPhase section */
		C73E141425421DB3006738CC /* Resources */ = {
			isa = PBXResourcesBuildPhase;
			buildActionMask = 2147483647;
			files = (
			);
			runOnlyForDeploymentPostprocessing = 0;
		};
		C73E141D25421DB3006738CC /* Resources */ = {
			isa = PBXResourcesBuildPhase;
			buildActionMask = 2147483647;
			files = (
			);
			runOnlyForDeploymentPostprocessing = 0;
		};
/* End PBXResourcesBuildPhase section */

/* Begin PBXSourcesBuildPhase section */
		C73E141225421DB3006738CC /* Sources */ = {
			isa = PBXSourcesBuildPhase;
			buildActionMask = 2147483647;
			files = (
				C73E14932542266D006738CC /* Observatory.swift in Sources */,
			);
			runOnlyForDeploymentPostprocessing = 0;
		};
		C73E141B25421DB3006738CC /* Sources */ = {
			isa = PBXSourcesBuildPhase;
			buildActionMask = 2147483647;
			files = (
				C73E142525421DB3006738CC /* ObservatoryKitTests.swift in Sources */,
			);
			runOnlyForDeploymentPostprocessing = 0;
		};
/* End PBXSourcesBuildPhase section */

/* Begin PBXTargetDependency section */
		C73E142225421DB3006738CC /* PBXTargetDependency */ = {
			isa = PBXTargetDependency;
			target = C73E141525421DB3006738CC /* ObservatoryKit */;
			targetProxy = C73E142125421DB3006738CC /* PBXContainerItemProxy */;
		};
/* End PBXTargetDependency section */

/* Begin XCBuildConfiguration section */
		C73E142825421DB3006738CC /* Debug */ = {
			isa = XCBuildConfiguration;
			buildSettings = {
				ALWAYS_SEARCH_USER_PATHS = NO;
				CLANG_ANALYZER_NONNULL = YES;
				CLANG_ANALYZER_NUMBER_OBJECT_CONVERSION = YES_AGGRESSIVE;
				CLANG_CXX_LANGUAGE_STANDARD = "gnu++14";
				CLANG_CXX_LIBRARY = "libc++";
				CLANG_ENABLE_MODULES = YES;
				CLANG_ENABLE_OBJC_ARC = YES;
				CLANG_ENABLE_OBJC_WEAK = YES;
				CLANG_WARN_BLOCK_CAPTURE_AUTORELEASING = YES;
				CLANG_WARN_BOOL_CONVERSION = YES;
				CLANG_WARN_COMMA = YES;
				CLANG_WARN_CONSTANT_CONVERSION = YES;
				CLANG_WARN_DEPRECATED_OBJC_IMPLEMENTATIONS = YES;
				CLANG_WARN_DIRECT_OBJC_ISA_USAGE = YES_ERROR;
				CLANG_WARN_DOCUMENTATION_COMMENTS = YES;
				CLANG_WARN_EMPTY_BODY = YES;
				CLANG_WARN_ENUM_CONVERSION = YES;
				CLANG_WARN_INFINITE_RECURSION = YES;
				CLANG_WARN_INT_CONVERSION = YES;
				CLANG_WARN_NON_LITERAL_NULL_CONVERSION = YES;
				CLANG_WARN_OBJC_IMPLICIT_RETAIN_SELF = YES;
				CLANG_WARN_OBJC_LITERAL_CONVERSION = YES;
				CLANG_WARN_OBJC_ROOT_CLASS = YES_ERROR;
				CLANG_WARN_QUOTED_INCLUDE_IN_FRAMEWORK_HEADER = YES;
				CLANG_WARN_RANGE_LOOP_ANALYSIS = YES;
				CLANG_WARN_STRICT_PROTOTYPES = YES;
				CLANG_WARN_SUSPICIOUS_MOVE = YES;
				CLANG_WARN_UNGUARDED_AVAILABILITY = YES_AGGRESSIVE;
				CLANG_WARN_UNREACHABLE_CODE = YES;
				CLANG_WARN__DUPLICATE_METHOD_MATCH = YES;
				COPY_PHASE_STRIP = NO;
				CURRENT_PROJECT_VERSION = 1;
				DEBUG_INFORMATION_FORMAT = dwarf;
				ENABLE_HARDENED_RUNTIME = YES;
				ENABLE_STRICT_OBJC_MSGSEND = YES;
				ENABLE_TESTABILITY = YES;
				GCC_C_LANGUAGE_STANDARD = gnu11;
				GCC_DYNAMIC_NO_PIC = NO;
				GCC_NO_COMMON_BLOCKS = YES;
				GCC_OPTIMIZATION_LEVEL = 0;
				GCC_PREPROCESSOR_DEFINITIONS = (
					"DEBUG=1",
					"$(inherited)",
				);
				GCC_WARN_64_TO_32_BIT_CONVERSION = YES;
				GCC_WARN_ABOUT_RETURN_TYPE = YES_ERROR;
				GCC_WARN_UNDECLARED_SELECTOR = YES;
				GCC_WARN_UNINITIALIZED_AUTOS = YES_AGGRESSIVE;
				GCC_WARN_UNUSED_FUNCTION = YES;
				GCC_WARN_UNUSED_VARIABLE = YES;
				IPHONEOS_DEPLOYMENT_TARGET = 14.0;
				MTL_ENABLE_DEBUG_INFO = INCLUDE_SOURCE;
				MTL_FAST_MATH = YES;
				ONLY_ACTIVE_ARCH = YES;
				SDKROOT = iphoneos;
				SWIFT_ACTIVE_COMPILATION_CONDITIONS = DEBUG;
				SWIFT_OPTIMIZATION_LEVEL = "-Onone";
				VERSIONING_SYSTEM = "apple-generic";
				VERSION_INFO_PREFIX = "";
			};
			name = Debug;
		};
		C73E142925421DB3006738CC /* Release */ = {
			isa = XCBuildConfiguration;
			buildSettings = {
				ALWAYS_SEARCH_USER_PATHS = NO;
				CLANG_ANALYZER_NONNULL = YES;
				CLANG_ANALYZER_NUMBER_OBJECT_CONVERSION = YES_AGGRESSIVE;
				CLANG_CXX_LANGUAGE_STANDARD = "gnu++14";
				CLANG_CXX_LIBRARY = "libc++";
				CLANG_ENABLE_MODULES = YES;
				CLANG_ENABLE_OBJC_ARC = YES;
				CLANG_ENABLE_OBJC_WEAK = YES;
				CLANG_WARN_BLOCK_CAPTURE_AUTORELEASING = YES;
				CLANG_WARN_BOOL_CONVERSION = YES;
				CLANG_WARN_COMMA = YES;
				CLANG_WARN_CONSTANT_CONVERSION = YES;
				CLANG_WARN_DEPRECATED_OBJC_IMPLEMENTATIONS = YES;
				CLANG_WARN_DIRECT_OBJC_ISA_USAGE = YES_ERROR;
				CLANG_WARN_DOCUMENTATION_COMMENTS = YES;
				CLANG_WARN_EMPTY_BODY = YES;
				CLANG_WARN_ENUM_CONVERSION = YES;
				CLANG_WARN_INFINITE_RECURSION = YES;
				CLANG_WARN_INT_CONVERSION = YES;
				CLANG_WARN_NON_LITERAL_NULL_CONVERSION = YES;
				CLANG_WARN_OBJC_IMPLICIT_RETAIN_SELF = YES;
				CLANG_WARN_OBJC_LITERAL_CONVERSION = YES;
				CLANG_WARN_OBJC_ROOT_CLASS = YES_ERROR;
				CLANG_WARN_QUOTED_INCLUDE_IN_FRAMEWORK_HEADER = YES;
				CLANG_WARN_RANGE_LOOP_ANALYSIS = YES;
				CLANG_WARN_STRICT_PROTOTYPES = YES;
				CLANG_WARN_SUSPICIOUS_MOVE = YES;
				CLANG_WARN_UNGUARDED_AVAILABILITY = YES_AGGRESSIVE;
				CLANG_WARN_UNREACHABLE_CODE = YES;
				CLANG_WARN__DUPLICATE_METHOD_MATCH = YES;
				COPY_PHASE_STRIP = NO;
				CURRENT_PROJECT_VERSION = 1;
				DEBUG_INFORMATION_FORMAT = "dwarf-with-dsym";
				ENABLE_HARDENED_RUNTIME = YES;
				ENABLE_NS_ASSERTIONS = NO;
				ENABLE_STRICT_OBJC_MSGSEND = YES;
				GCC_C_LANGUAGE_STANDARD = gnu11;
				GCC_NO_COMMON_BLOCKS = YES;
				GCC_WARN_64_TO_32_BIT_CONVERSION = YES;
				GCC_WARN_ABOUT_RETURN_TYPE = YES_ERROR;
				GCC_WARN_UNDECLARED_SELECTOR = YES;
				GCC_WARN_UNINITIALIZED_AUTOS = YES_AGGRESSIVE;
				GCC_WARN_UNUSED_FUNCTION = YES;
				GCC_WARN_UNUSED_VARIABLE = YES;
				IPHONEOS_DEPLOYMENT_TARGET = 14.0;
				MTL_ENABLE_DEBUG_INFO = NO;
				MTL_FAST_MATH = YES;
				SDKROOT = iphoneos;
				SWIFT_COMPILATION_MODE = wholemodule;
				SWIFT_OPTIMIZATION_LEVEL = "-O";
				VALIDATE_PRODUCT = YES;
				VERSIONING_SYSTEM = "apple-generic";
				VERSION_INFO_PREFIX = "";
			};
			name = Release;
		};
		C73E142B25421DB3006738CC /* Debug */ = {
			isa = XCBuildConfiguration;
			buildSettings = {
				CODE_SIGN_STYLE = Automatic;
				DEFINES_MODULE = YES;
				DEVELOPMENT_TEAM = J2S9726G2L;
				DYLIB_COMPATIBILITY_VERSION = 1;
				DYLIB_CURRENT_VERSION = 1;
				DYLIB_INSTALL_NAME_BASE = "@rpath";
				INFOPLIST_FILE = ObservatoryKit/Info.plist;
				INSTALL_PATH = "$(LOCAL_LIBRARY_DIR)/Frameworks";
				LD_RUNPATH_SEARCH_PATHS = (
					"$(inherited)",
					"@executable_path/Frameworks",
					"@loader_path/Frameworks",
				);
				PRODUCT_BUNDLE_IDENTIFIER = lapsedpacifist.com.ObservatoryKit;
				PRODUCT_NAME = "$(TARGET_NAME:c99extidentifier)";
				SKIP_INSTALL = YES;
				SWIFT_VERSION = 5.0;
				TARGETED_DEVICE_FAMILY = "1,2";
			};
			name = Debug;
		};
		C73E142C25421DB3006738CC /* Release */ = {
			isa = XCBuildConfiguration;
			buildSettings = {
				CODE_SIGN_STYLE = Automatic;
				DEFINES_MODULE = YES;
				DEVELOPMENT_TEAM = J2S9726G2L;
				DYLIB_COMPATIBILITY_VERSION = 1;
				DYLIB_CURRENT_VERSION = 1;
				DYLIB_INSTALL_NAME_BASE = "@rpath";
				INFOPLIST_FILE = ObservatoryKit/Info.plist;
				INSTALL_PATH = "$(LOCAL_LIBRARY_DIR)/Frameworks";
				LD_RUNPATH_SEARCH_PATHS = (
					"$(inherited)",
					"@executable_path/Frameworks",
					"@loader_path/Frameworks",
				);
				PRODUCT_BUNDLE_IDENTIFIER = lapsedpacifist.com.ObservatoryKit;
				PRODUCT_NAME = "$(TARGET_NAME:c99extidentifier)";
				SKIP_INSTALL = YES;
				SWIFT_VERSION = 5.0;
				TARGETED_DEVICE_FAMILY = "1,2";
			};
			name = Release;
		};
		C73E142E25421DB3006738CC /* Debug */ = {
			isa = XCBuildConfiguration;
			buildSettings = {
				ALWAYS_EMBED_SWIFT_STANDARD_LIBRARIES = YES;
				CODE_SIGN_STYLE = Automatic;
				DEVELOPMENT_TEAM = J2S9726G2L;
				INFOPLIST_FILE = ObservatoryKitTests/Info.plist;
				LD_RUNPATH_SEARCH_PATHS = (
					"$(inherited)",
					"@executable_path/Frameworks",
					"@loader_path/Frameworks",
				);
				PRODUCT_BUNDLE_IDENTIFIER = lapsedpacifist.com.ObservatoryKitTests;
				PRODUCT_NAME = "$(TARGET_NAME)";
				SWIFT_VERSION = 5.0;
				TARGETED_DEVICE_FAMILY = "1,2";
			};
			name = Debug;
		};
		C73E142F25421DB3006738CC /* Release */ = {
			isa = XCBuildConfiguration;
			buildSettings = {
				ALWAYS_EMBED_SWIFT_STANDARD_LIBRARIES = YES;
				CODE_SIGN_STYLE = Automatic;
				DEVELOPMENT_TEAM = J2S9726G2L;
				INFOPLIST_FILE = ObservatoryKitTests/Info.plist;
				LD_RUNPATH_SEARCH_PATHS = (
					"$(inherited)",
					"@executable_path/Frameworks",
					"@loader_path/Frameworks",
				);
				PRODUCT_BUNDLE_IDENTIFIER = lapsedpacifist.com.ObservatoryKitTests;
				PRODUCT_NAME = "$(TARGET_NAME)";
				SWIFT_VERSION = 5.0;
				TARGETED_DEVICE_FAMILY = "1,2";
			};
			name = Release;
		};
/* End XCBuildConfiguration section */

/* Begin XCConfigurationList section */
		C73E141025421DB3006738CC /* Build configuration list for PBXProject "ObservatoryKit" */ = {
			isa = XCConfigurationList;
			buildConfigurations = (
				C73E142825421DB3006738CC /* Debug */,
				C73E142925421DB3006738CC /* Release */,
			);
			defaultConfigurationIsVisible = 0;
			defaultConfigurationName = Release;
		};
		C73E142A25421DB3006738CC /* Build configuration list for PBXNativeTarget "ObservatoryKit" */ = {
			isa = XCConfigurationList;
			buildConfigurations = (
				C73E142B25421DB3006738CC /* Debug */,
				C73E142C25421DB3006738CC /* Release */,
			);
			defaultConfigurationIsVisible = 0;
			defaultConfigurationName = Release;
		};
		C73E142D25421DB3006738CC /* Build configuration list for PBXNativeTarget "ObservatoryKitTests" */ = {
			isa = XCConfigurationList;
			buildConfigurations = (
				C73E142E25421DB3006738CC /* Debug */,
				C73E142F25421DB3006738CC /* Release */,
			);
			defaultConfigurationIsVisible = 0;
			defaultConfigurationName = Release;
		};
/* End XCConfigurationList section */

/* Begin XCRemoteSwiftPackageReference section */
		C73E143225421E50006738CC /* XCRemoteSwiftPackageReference "SwiftAA" */ = {
			isa = XCRemoteSwiftPackageReference;
			repositoryURL = "https://github.com/onekiloparsec/SwiftAA.git";
			requirement = {
				kind = upToNextMajorVersion;
				minimumVersion = 2.3.0;
			};
		};
/* End XCRemoteSwiftPackageReference section */
	};
	rootObject = C73E140D25421DB3006738CC /* Project object */;
}
